
Microsoft Visual Studio Solution File, Format Version 12.00
# Visual Studio Version 17
VisualStudioVersion = 17.3.32819.101
MinimumVisualStudioVersion = 10.0.40219.1
Project("{9A19103F-16F7-4668-BE54-9A1E7A4F7556}") = "WebApplication1", "WebApplication1\WebApplication1.csproj", "{44155800-E9AD-41D5-A14C-AECE9068060E}"
EndProject
Project("{2150E333-8FDC-42A3-9474-1A3956D46DE8}") = "Solution Items", "Solution Items", "{6DDADA23-5A88-4611-A0A5-D043A4CB427E}"
	ProjectSection(SolutionItems) = preProject
		.editorconfig = .editorconfig
	EndProjectSection
EndProject
Global
	GlobalSection(SolutionConfigurationPlatforms) = preSolution
		Debug|Any CPU = Debug|Any CPU
		Release|Any CPU = Release|Any CPU
	EndGlobalSection
	GlobalSection(ProjectConfigurationPlatforms) = postSolution
		{44155800-E9AD-41D5-A14C-AECE9068060E}.Debug|Any CPU.ActiveCfg = Debug|Any CPU
		{44155800-E9AD-41D5-A14C-AECE9068060E}.Debug|Any CPU.Build.0 = Debug|Any CPU
		{44155800-E9AD-41D5-A14C-AECE9068060E}.Release|Any CPU.ActiveCfg = Release|Any CPU
		{44155800-E9AD-41D5-A14C-AECE9068060E}.Release|Any CPU.Build.0 = Release|Any CPU
	EndGlobalSection
	GlobalSection(SolutionProperties) = preSolution
		HideSolutionNode = FALSE
	EndGlobalSection
	GlobalSection(ExtensibilityGlobals) = postSolution
		SolutionGuid = {02A98DF8-B8D5-4681-9D15-3BE32A7F6205}
	EndGlobalSection
EndGlobal
